<?xml version="1.0" encoding="utf-8"?>
<Project ToolsVersion="4.0" xmlns="http://schemas.microsoft.com/developer/msbuild/2003">
  <ItemGroup>
    <ClCompile Include="main.cpp">
      <Filter>Source Files</Filter>
    </ClCompile>
    <ClCompile Include="Map.cpp">
      <Filter>Source Files</Filter>
    </ClCompile>
    <ClCompile Include="MultipleChoiceQuestion.cpp">
      <Filter>Source Files</Filter>
    </ClCompile>
    <ClCompile Include="NumberQuestion.cpp">
      <Filter>Source Files</Filter>
    </ClCompile>
    <ClCompile Include="Player.cpp">
      <Filter>Source Files</Filter>
    </ClCompile>
    <ClCompile Include="Question.cpp">
      <Filter>Source Files</Filter>
    </ClCompile>
    <ClCompile Include="Region.cpp">
      <Filter>Source Files</Filter>
    </ClCompile>
    <ClCompile Include="FourPlayersMap.cpp">
      <Filter>Source Files\Qt Source Files</Filter>
    </ClCompile>
    <ClCompile Include="GameHistory.cpp">
      <Filter>Source Files\Qt Source Files</Filter>
    </ClCompile>
    <ClCompile Include="Homescreen.cpp">
      <Filter>Source Files\Qt Source Files</Filter>
    </ClCompile>
    <ClCompile Include="ThreePlayersMap.cpp">
      <Filter>Source Files\Qt Source Files</Filter>
    </ClCompile>
    <ClCompile Include="RegisterForm.cpp">
      <Filter>Source Files\Qt Source Files</Filter>
    </ClCompile>
    <ClCompile Include="TwoPlayersMap.cpp">
      <Filter>Source Files\Qt Source Files</Filter>
    </ClCompile>
    <ClCompile Include="WaitingRoom.cpp">
      <Filter>Source Files\Qt Source Files</Filter>
    </ClCompile>
    <ClCompile Include="TriviadorClient.cpp">
      <Filter>Source Files\Qt Source Files</Filter>
    </ClCompile>
  </ItemGroup>
  <ItemGroup>
    <Filter Include="Header Files">
      <UniqueIdentifier>{a13a16ba-195f-4f26-829a-1783de90be9e}</UniqueIdentifier>
    </Filter>
    <Filter Include="Source Files">
      <UniqueIdentifier>{6d7f3c8c-6a85-488f-9217-ba015cb2fe89}</UniqueIdentifier>
    </Filter>
    <Filter Include="Qt Files">
      <UniqueIdentifier>{5056826d-bfbd-4d03-8f04-deae579c2454}</UniqueIdentifier>
    </Filter>
    <Filter Include="Header Files\Qt Headers">
      <UniqueIdentifier>{e284b374-fc96-419d-b4a9-17fb71fc32e1}</UniqueIdentifier>
    </Filter>
    <Filter Include="Source Files\Qt Source Files">
      <UniqueIdentifier>{e291a77a-8379-4a2f-a7db-d13bdaf6dead}</UniqueIdentifier>
    </Filter>
  </ItemGroup>
  <ItemGroup>
    <QtMoc Include="FourPlayersMap.h">
      <Filter>Header Files\Qt Headers</Filter>
    </QtMoc>
    <QtMoc Include="GameHistory.h">
      <Filter>Header Files\Qt Headers</Filter>
    </QtMoc>
    <QtMoc Include="Homescreen.h">
      <Filter>Header Files\Qt Headers</Filter>
    </QtMoc>
    <QtMoc Include="WaitingRoom.h">
      <Filter>Header Files\Qt Headers</Filter>
    </QtMoc>
    <QtMoc Include="TwoPlayersMap.h">
      <Filter>Header Files\Qt Headers</Filter>
    </QtMoc>
    <QtMoc Include="TriviadorClient.h">
      <Filter>Header Files\Qt Headers</Filter>
    </QtMoc>
    <QtMoc Include="ThreePlayersMap.h">
      <Filter>Header Files\Qt Headers</Filter>
    </QtMoc>
    <QtMoc Include="RegisterForm.h">
      <Filter>Header Files\Qt Headers</Filter>
    </QtMoc>
  </ItemGroup>
  <ItemGroup>
    <QtUic Include="TriviadorClient.ui">
      <Filter>Qt Files</Filter>
    </QtUic>
    <QtUic Include="RegisterForm.ui">
      <Filter>Qt Files</Filter>
    </QtUic>
    <QtUic Include="Homescreen.ui">
      <Filter>Qt Files</Filter>
    </QtUic>
    <QtUic Include="GameHistory.ui">
      <Filter>Qt Files</Filter>
    </QtUic>
    <QtUic Include="WaitingRoom.ui">
      <Filter>Qt Files</Filter>
    </QtUic>
    <QtUic Include="FourPlayersMap.ui">
      <Filter>Qt Files</Filter>
    </QtUic>
    <QtUic Include="ThreePlayersMap.ui">
      <Filter>Qt Files</Filter>
    </QtUic>
    <QtUic Include="TwoPlayersMap.ui">
      <Filter>Qt Files</Filter>
    </QtUic>
  </ItemGroup>
  <ItemGroup>
    <QtRcc Include="TriviadorClient.qrc">
      <Filter>Qt Files</Filter>
    </QtRcc>
  </ItemGroup>
  <ItemGroup>
    <ClInclude Include="Map.h">
      <Filter>Header Files</Filter>
    </ClInclude>
    <ClInclude Include="MultipleChoiceQuestion.h">
      <Filter>Header Files</Filter>
    </ClInclude>
    <ClInclude Include="NumberQuestion.h">
      <Filter>Header Files</Filter>
    </ClInclude>
    <ClInclude Include="Player.h">
      <Filter>Header Files</Filter>
    </ClInclude>
    <ClInclude Include="Question.h">
      <Filter>Header Files</Filter>
    </ClInclude>
    <ClInclude Include="Region.h">
      <Filter>Header Files</Filter>
    </ClInclude>
  </ItemGroup>
</Project>