<?xml version="1.0" encoding="utf-8"?>
<Project ToolsVersion="4.0" xmlns="http://schemas.microsoft.com/developer/msbuild/2003">
  <ItemGroup>
    <ClCompile Include="WaitingRoom.cpp" />
    <ClCompile Include="TwoPlayersMap.cpp" />
    <ClCompile Include="GameHistory.cpp" />
    <ClCompile Include="Homescreen.cpp" />
    <ClCompile Include="Map.cpp" />
    <ClCompile Include="MultipleChoiceQuestion.cpp" />
    <ClCompile Include="NumberQuestion.cpp" />
    <ClCompile Include="Player.cpp" />
    <ClCompile Include="Question.cpp" />
    <ClCompile Include="Region.cpp" />
    <ClCompile Include="RegisterForm.cpp" />
    <ClCompile Include="TriviadorClient.cpp" />
    <ClCompile Include="main.cpp" />
    <ClCompile Include="ThreePlayersMap.cpp" />
    <ClCompile Include="FourPlayersMap.cpp" />
  </ItemGroup>
  <ItemGroup>
    <ClInclude Include="Map.h" />
    <ClInclude Include="MultipleChoiceQuestion.h" />
    <ClInclude Include="NumberQuestion.h" />
    <ClInclude Include="Player.h" />
    <ClInclude Include="Question.h" />
    <ClInclude Include="Region.h" />
  </ItemGroup>
  <ItemGroup>
    <QtMoc Include="TriviadorClient.h" />
    <QtMoc Include="WaitingRoom.h" />
    <QtMoc Include="Homescreen.h" />
    <QtMoc Include="GameHistory.h" />
    <QtMoc Include="TwoPlayersMap.h" />
    <QtMoc Include="RegisterForm.h" />
    <QtMoc Include="ThreePlayersMap.h" />
    <QtMoc Include="FourPlayersMap.h" />
  </ItemGroup>
  <ItemGroup>
    <QtRcc Include="TriviadorClient.qrc" />
  </ItemGroup>
  <ItemGroup>
    <QtUic Include="GameHistory.ui" />
    <QtUic Include="Homescreen.ui" />
    <QtUic Include="RegisterForm.ui" />
    <QtUic Include="TriviadorClient.ui" />
    <QtUic Include="WaitingRoom.ui" />
    <QtUic Include="TwoPlayersMap.ui" />
    <QtUic Include="ThreePlayersMap.ui" />
    <QtUic Include="FourPlayersMap.ui" />
  </ItemGroup>
</Project>