<?xml version="1.0" encoding="utf-8"?>
<Project ToolsVersion="4.0" xmlns="http://schemas.microsoft.com/developer/msbuild/2003">
  <ItemGroup>
    <Filter Include="Source Files">
      <UniqueIdentifier>{4FC737F1-C7A5-4376-A066-2A32D752A2FF}</UniqueIdentifier>
      <Extensions>cpp;c;cc;cxx;c++;cppm;ixx;def;odl;idl;hpj;bat;asm;asmx</Extensions>
    </Filter>
    <Filter Include="Header Files">
      <UniqueIdentifier>{93995380-89BD-4b04-88EB-625FBE52EBFB}</UniqueIdentifier>
      <Extensions>h;hh;hpp;hxx;h++;hm;inl;inc;ipp;xsd</Extensions>
    </Filter>
    <Filter Include="Resource Files">
      <UniqueIdentifier>{67DA6AB6-F800-4c08-8B7A-83BB121AAD01}</UniqueIdentifier>
      <Extensions>rc;ico;cur;bmp;dlg;rc2;rct;bin;rgs;gif;jpg;jpeg;jpe;resx;tiff;tif;png;wav;mfcribbon-ms</Extensions>
    </Filter>
    <Filter Include="Header Files\JSON">
      <UniqueIdentifier>{cdb248f5-60bb-4390-ad4a-37ac0c3da414}</UniqueIdentifier>
    </Filter>
    <Filter Include="Header Files\Database Files">
      <UniqueIdentifier>{5496e8fa-69e7-41e5-9644-3352f13338a5}</UniqueIdentifier>
    </Filter>
    <Filter Include="App Files">
      <UniqueIdentifier>{b230600e-7657-470d-b057-01c098ee4868}</UniqueIdentifier>
    </Filter>
    <Filter Include="App Files\Header Files">
      <UniqueIdentifier>{ecc0cb0a-5cfa-4309-a947-26555c3a4c2e}</UniqueIdentifier>
    </Filter>
    <Filter Include="App Files\Source Files">
      <UniqueIdentifier>{c758c8f4-0289-430b-96b9-14b9660f46c5}</UniqueIdentifier>
    </Filter>
    <Filter Include="Utils">
      <UniqueIdentifier>{ad5c9b4a-aeb3-4093-a6c9-f90c69b1cc43}</UniqueIdentifier>
    </Filter>
  </ItemGroup>
  <ItemGroup>
    <ClCompile Include="TriviadorServer.cpp">
      <Filter>Source Files</Filter>
    </ClCompile>
    <ClCompile Include="MultipleChoiceQuestion.cpp">
      <Filter>Source Files</Filter>
    </ClCompile>
    <ClCompile Include="QuestionGenerator.cpp">
      <Filter>Source Files</Filter>
    </ClCompile>
    <ClCompile Include="Question.cpp">
      <Filter>Source Files</Filter>
    </ClCompile>
    <ClCompile Include="Game.cpp">
      <Filter>Source Files</Filter>
    </ClCompile>
    <ClCompile Include="Player.cpp">
      <Filter>Source Files</Filter>
    </ClCompile>
    <ClCompile Include="Region.cpp">
      <Filter>Source Files</Filter>
    </ClCompile>
    <ClCompile Include="Map.cpp">
      <Filter>Source Files</Filter>
    </ClCompile>
    <ClCompile Include="PregameRoutes.cpp">
      <Filter>App Files\Source Files</Filter>
    </ClCompile>
    <ClCompile Include="AppManager.cpp">
      <Filter>App Files\Source Files</Filter>
    </ClCompile>
    <ClCompile Include="MapRoutes.cpp">
      <Filter>App Files\Source Files</Filter>
    </ClCompile>
    <ClCompile Include="utils.cpp">
      <Filter>Utils</Filter>
    </ClCompile>
    <ClCompile Include="GameRoutes.cpp">
      <Filter>App Files\Source Files</Filter>
    </ClCompile>
  </ItemGroup>
  <ItemGroup>
    <ClInclude Include="MultipleChoiceQuestion.h">
      <Filter>Header Files</Filter>
    </ClInclude>
    <ClInclude Include="QuestionGenerator.h">
      <Filter>Header Files</Filter>
    </ClInclude>
    <ClInclude Include="Question.h">
      <Filter>Header Files</Filter>
    </ClInclude>
    <ClInclude Include="NumberQuestion.h">
      <Filter>Header Files</Filter>
    </ClInclude>
    <ClInclude Include="Game.h">
      <Filter>Header Files</Filter>
    </ClInclude>
    <ClInclude Include="Player.h">
      <Filter>Header Files</Filter>
    </ClInclude>
    <ClInclude Include="Region.h">
      <Filter>Header Files</Filter>
    </ClInclude>
    <ClInclude Include="Map.h">
      <Filter>Header Files</Filter>
    </ClInclude>
    <ClInclude Include="PlayerDatabase.h">
      <Filter>Header Files\Database Files</Filter>
    </ClInclude>
    <ClInclude Include="PlayerGameDatabase.h">
      <Filter>Header Files\Database Files</Filter>
    </ClInclude>
    <ClInclude Include="QuestionDatabase.h">
      <Filter>Header Files\Database Files</Filter>
    </ClInclude>
    <ClInclude Include="GameDatabase.h">
      <Filter>Header Files\Database Files</Filter>
    </ClInclude>
    <ClInclude Include="json.hpp">
      <Filter>Header Files\JSON</Filter>
    </ClInclude>
    <ClInclude Include="Database.h">
      <Filter>Header Files\Database Files</Filter>
    </ClInclude>
    <ClInclude Include="MapRoutes.h">
      <Filter>App Files\Header Files</Filter>
    </ClInclude>
    <ClInclude Include="AppManager.h">
      <Filter>App Files\Header Files</Filter>
    </ClInclude>
    <ClInclude Include="PregameRoutes.h">
      <Filter>App Files\Header Files</Filter>
    </ClInclude>
    <ClInclude Include="utils.h">
      <Filter>Utils</Filter>
    </ClInclude>
    <ClInclude Include="GameRoutes.h">
      <Filter>App Files\Header Files</Filter>
    </ClInclude>
  </ItemGroup>
</Project>